
Microsoft Visual Studio Solution File, Format Version 12.00
# Visual Studio 15
VisualStudioVersion = 15.0.26430.14
MinimumVisualStudioVersion = 10.0.40219.1
Project("{2150E333-8FDC-42A3-9474-1A3956D46DE8}") = "Data", "Data", "{50E7F87B-0E7F-4F38-A886-7ED981FEB4C2}"
EndProject
Project("{2150E333-8FDC-42A3-9474-1A3956D46DE8}") = "Web", "Web", "{614B1463-38D0-4A77-A529-ECD94613C9FF}"
EndProject
Project("{FAE04EC0-301F-11D3-BF4B-00C04F79EFBC}") = "Cibertec.Models", "Cibertec.Models\Cibertec.Models.csproj", "{76D2C39B-04A7-4297-8978-1D8ECBD8CA67}"
EndProject
Project("{FAE04EC0-301F-11D3-BF4B-00C04F79EFBC}") = "Cibertec.Repository", "Cibertec.Repository\Cibertec.Repository.csproj", "{F2FC3802-BB38-4365-9B77-AD722A860ACC}"
EndProject
Project("{FAE04EC0-301F-11D3-BF4B-00C04F79EFBC}") = "Cibertec.UnitOfWork", "Cibertec.UnitOfWork\Cibertec.UnitOfWork.csproj", "{F1F6B300-BCD6-45CB-8BF6-7B13D8697D8B}"
EndProject
Project("{FAE04EC0-301F-11D3-BF4B-00C04F79EFBC}") = "Cibertec.WebApi", "Cibertec.WebApi\Cibertec.WebApi.csproj", "{9A02E420-F135-4D9A-A0BC-474B3D1ED420}"
EndProject
Project("{2150E333-8FDC-42A3-9474-1A3956D46DE8}") = "UnitTest", "UnitTest", "{2EAA5228-34CA-44EA-A3A6-74F19642A3C4}"
EndProject
Project("{FAE04EC0-301F-11D3-BF4B-00C04F79EFBC}") = "Cibertec.WebApi.Tests", "Cibertec.WebApi.Tests\Cibertec.WebApi.Tests.csproj", "{2E3DF5C2-8A38-4A03-86D7-8D463C917E47}"
EndProject
Project("{FAE04EC0-301F-11D3-BF4B-00C04F79EFBC}") = "Cibertec.Mocked", "Cibertec.Mocked\Cibertec.Mocked.csproj", "{4E85CF8E-E81F-439A-B5AD-FB98169E2F6B}"
EndProject
Project("{FAE04EC0-301F-11D3-BF4B-00C04F79EFBC}") = "Cibertec.Angular", "Cibertec.Angular\Cibertec.Angular.csproj", "{34955B08-CB4A-4E3F-BBF2-285ED7E5C3BF}"
EndProject
Project("{2150E333-8FDC-42A3-9474-1A3956D46DE8}") = "E2E", "E2E", "{661C0A99-DA54-4982-BA15-B52F6618FDB7}"
EndProject
Project("{FAE04EC0-301F-11D3-BF4B-00C04F79EFBC}") = "Cibertec.Automation", "Cibertec.Automation\Cibertec.Automation.csproj", "{6090A5CA-5AB3-4AB7-8875-21F85BAE4097}"
EndProject
Project("{FAE04EC0-301F-11D3-BF4B-00C04F79EFBC}") = "Cibertec.AutomationTests", "Cibertec.AutomationTest\Cibertec.AutomationTests.csproj", "{F06B3088-85A2-40E6-BE19-AC8F8E94E640}"
EndProject
Global
	GlobalSection(SolutionConfigurationPlatforms) = preSolution
		Debug|Any CPU = Debug|Any CPU
		Release|Any CPU = Release|Any CPU
	EndGlobalSection
	GlobalSection(ProjectConfigurationPlatforms) = postSolution
		{76D2C39B-04A7-4297-8978-1D8ECBD8CA67}.Debug|Any CPU.ActiveCfg = Debug|Any CPU
		{76D2C39B-04A7-4297-8978-1D8ECBD8CA67}.Debug|Any CPU.Build.0 = Debug|Any CPU
		{76D2C39B-04A7-4297-8978-1D8ECBD8CA67}.Release|Any CPU.ActiveCfg = Release|Any CPU
		{76D2C39B-04A7-4297-8978-1D8ECBD8CA67}.Release|Any CPU.Build.0 = Release|Any CPU
		{F2FC3802-BB38-4365-9B77-AD722A860ACC}.Debug|Any CPU.ActiveCfg = Debug|Any CPU
		{F2FC3802-BB38-4365-9B77-AD722A860ACC}.Debug|Any CPU.Build.0 = Debug|Any CPU
		{F2FC3802-BB38-4365-9B77-AD722A860ACC}.Release|Any CPU.ActiveCfg = Release|Any CPU
		{F2FC3802-BB38-4365-9B77-AD722A860ACC}.Release|Any CPU.Build.0 = Release|Any CPU
		{F1F6B300-BCD6-45CB-8BF6-7B13D8697D8B}.Debug|Any CPU.ActiveCfg = Debug|Any CPU
		{F1F6B300-BCD6-45CB-8BF6-7B13D8697D8B}.Debug|Any CPU.Build.0 = Debug|Any CPU
		{F1F6B300-BCD6-45CB-8BF6-7B13D8697D8B}.Release|Any CPU.ActiveCfg = Release|Any CPU
		{F1F6B300-BCD6-45CB-8BF6-7B13D8697D8B}.Release|Any CPU.Build.0 = Release|Any CPU
		{9A02E420-F135-4D9A-A0BC-474B3D1ED420}.Debug|Any CPU.ActiveCfg = Debug|Any CPU
		{9A02E420-F135-4D9A-A0BC-474B3D1ED420}.Debug|Any CPU.Build.0 = Debug|Any CPU
		{9A02E420-F135-4D9A-A0BC-474B3D1ED420}.Release|Any CPU.ActiveCfg = Release|Any CPU
		{9A02E420-F135-4D9A-A0BC-474B3D1ED420}.Release|Any CPU.Build.0 = Release|Any CPU
		{2E3DF5C2-8A38-4A03-86D7-8D463C917E47}.Debug|Any CPU.ActiveCfg = Debug|Any CPU
		{2E3DF5C2-8A38-4A03-86D7-8D463C917E47}.Debug|Any CPU.Build.0 = Debug|Any CPU
		{2E3DF5C2-8A38-4A03-86D7-8D463C917E47}.Release|Any CPU.ActiveCfg = Release|Any CPU
		{2E3DF5C2-8A38-4A03-86D7-8D463C917E47}.Release|Any CPU.Build.0 = Release|Any CPU
		{4E85CF8E-E81F-439A-B5AD-FB98169E2F6B}.Debug|Any CPU.ActiveCfg = Debug|Any CPU
		{4E85CF8E-E81F-439A-B5AD-FB98169E2F6B}.Debug|Any CPU.Build.0 = Debug|Any CPU
		{4E85CF8E-E81F-439A-B5AD-FB98169E2F6B}.Release|Any CPU.ActiveCfg = Release|Any CPU
		{4E85CF8E-E81F-439A-B5AD-FB98169E2F6B}.Release|Any CPU.Build.0 = Release|Any CPU
		{34955B08-CB4A-4E3F-BBF2-285ED7E5C3BF}.Debug|Any CPU.ActiveCfg = Debug|Any CPU
		{34955B08-CB4A-4E3F-BBF2-285ED7E5C3BF}.Debug|Any CPU.Build.0 = Debug|Any CPU
		{34955B08-CB4A-4E3F-BBF2-285ED7E5C3BF}.Release|Any CPU.ActiveCfg = Release|Any CPU
		{34955B08-CB4A-4E3F-BBF2-285ED7E5C3BF}.Release|Any CPU.Build.0 = Release|Any CPU
		{6090A5CA-5AB3-4AB7-8875-21F85BAE4097}.Debug|Any CPU.ActiveCfg = Debug|Any CPU
		{6090A5CA-5AB3-4AB7-8875-21F85BAE4097}.Debug|Any CPU.Build.0 = Debug|Any CPU
		{6090A5CA-5AB3-4AB7-8875-21F85BAE4097}.Release|Any CPU.ActiveCfg = Release|Any CPU
		{6090A5CA-5AB3-4AB7-8875-21F85BAE4097}.Release|Any CPU.Build.0 = Release|Any CPU
		{F06B3088-85A2-40E6-BE19-AC8F8E94E640}.Debug|Any CPU.ActiveCfg = Debug|Any CPU
		{F06B3088-85A2-40E6-BE19-AC8F8E94E640}.Debug|Any CPU.Build.0 = Debug|Any CPU
		{F06B3088-85A2-40E6-BE19-AC8F8E94E640}.Release|Any CPU.ActiveCfg = Release|Any CPU
		{F06B3088-85A2-40E6-BE19-AC8F8E94E640}.Release|Any CPU.Build.0 = Release|Any CPU
	EndGlobalSection
	GlobalSection(SolutionProperties) = preSolution
		HideSolutionNode = FALSE
	EndGlobalSection
	GlobalSection(NestedProjects) = preSolution
		{76D2C39B-04A7-4297-8978-1D8ECBD8CA67} = {50E7F87B-0E7F-4F38-A886-7ED981FEB4C2}
		{F2FC3802-BB38-4365-9B77-AD722A860ACC} = {50E7F87B-0E7F-4F38-A886-7ED981FEB4C2}
		{F1F6B300-BCD6-45CB-8BF6-7B13D8697D8B} = {50E7F87B-0E7F-4F38-A886-7ED981FEB4C2}
		{9A02E420-F135-4D9A-A0BC-474B3D1ED420} = {614B1463-38D0-4A77-A529-ECD94613C9FF}
		{2E3DF5C2-8A38-4A03-86D7-8D463C917E47} = {2EAA5228-34CA-44EA-A3A6-74F19642A3C4}
		{4E85CF8E-E81F-439A-B5AD-FB98169E2F6B} = {2EAA5228-34CA-44EA-A3A6-74F19642A3C4}
		{34955B08-CB4A-4E3F-BBF2-285ED7E5C3BF} = {614B1463-38D0-4A77-A529-ECD94613C9FF}
		{6090A5CA-5AB3-4AB7-8875-21F85BAE4097} = {661C0A99-DA54-4982-BA15-B52F6618FDB7}
		{F06B3088-85A2-40E6-BE19-AC8F8E94E640} = {661C0A99-DA54-4982-BA15-B52F6618FDB7}
	EndGlobalSection
EndGlobal
